
Microsoft Visual Studio Solution File, Format Version 12.00
# Visual Studio 15
VisualStudioVersion = 15.0.28307.489
MinimumVisualStudioVersion = 10.0.40219.1
Project("{FAE04EC0-301F-11D3-BF4B-00C04F79EFBC}") = "AppColegio", "AppColegio\AppColegio.csproj", "{1CBFEB3F-E8EE-4F13-829A-B75B9C67C477}"
EndProject
Global
	GlobalSection(SolutionConfigurationPlatforms) = preSolution
		Debug|Any CPU = Debug|Any CPU
		Release|Any CPU = Release|Any CPU
	EndGlobalSection
	GlobalSection(ProjectConfigurationPlatforms) = postSolution
		{1CBFEB3F-E8EE-4F13-829A-B75B9C67C477}.Debug|Any CPU.ActiveCfg = Debug|Any CPU
		{1CBFEB3F-E8EE-4F13-829A-B75B9C67C477}.Debug|Any CPU.Build.0 = Debug|Any CPU
		{1CBFEB3F-E8EE-4F13-829A-B75B9C67C477}.Release|Any CPU.ActiveCfg = Release|Any CPU
		{1CBFEB3F-E8EE-4F13-829A-B75B9C67C477}.Release|Any CPU.Build.0 = Release|Any CPU
	EndGlobalSection
	GlobalSection(SolutionProperties) = preSolution
		HideSolutionNode = FALSE
	EndGlobalSection
	GlobalSection(ExtensibilityGlobals) = postSolution
		SolutionGuid = {54D587C3-3DD9-49FE-863B-22E5283B7C08}
	EndGlobalSection
EndGlobal
